
Microsoft Visual Studio Solution File, Format Version 12.00
# Visual Studio Version 16
VisualStudioVersion = 16.0.30717.126
MinimumVisualStudioVersion = 10.0.40219.1
Project("{FAE04EC0-301F-11D3-BF4B-00C04F79EFBC}") = "selenium", "selenium\selenium.csproj", "{6D8750BC-B11B-4BE0-A016-61B69603770D}"
EndProject
Global
	GlobalSection(SolutionConfigurationPlatforms) = preSolution
		Debug|Any CPU = Debug|Any CPU
		Release|Any CPU = Release|Any CPU
	EndGlobalSection
	GlobalSection(ProjectConfigurationPlatforms) = postSolution
		{6D8750BC-B11B-4BE0-A016-61B69603770D}.Debug|Any CPU.ActiveCfg = Debug|Any CPU
		{6D8750BC-B11B-4BE0-A016-61B69603770D}.Debug|Any CPU.Build.0 = Debug|Any CPU
		{6D8750BC-B11B-4BE0-A016-61B69603770D}.Release|Any CPU.ActiveCfg = Release|Any CPU
		{6D8750BC-B11B-4BE0-A016-61B69603770D}.Release|Any CPU.Build.0 = Release|Any CPU
	EndGlobalSection
	GlobalSection(SolutionProperties) = preSolution
		HideSolutionNode = FALSE
	EndGlobalSection
	GlobalSection(ExtensibilityGlobals) = postSolution
		SolutionGuid = {E73C0962-1934-46BE-B8DA-43BD30DCCEB8}
	EndGlobalSection
EndGlobal
